
Microsoft Visual Studio Solution File, Format Version 12.00
# Visual Studio Version 16
VisualStudioVersion = 16.0.29609.76
MinimumVisualStudioVersion = 10.0.40219.1
Project("{9A19103F-16F7-4668-BE54-9A1E7A4F7556}") = "Auditable", "Auditable\Auditable.csproj", "{86EA1A0C-C6AE-4F80-A33C-D87DE7959B00}"
EndProject
Global
	GlobalSection(SolutionConfigurationPlatforms) = preSolution
		Debug|Any CPU = Debug|Any CPU
		Release|Any CPU = Release|Any CPU
	EndGlobalSection
	GlobalSection(ProjectConfigurationPlatforms) = postSolution
		{86EA1A0C-C6AE-4F80-A33C-D87DE7959B00}.Debug|Any CPU.ActiveCfg = Debug|Any CPU
		{86EA1A0C-C6AE-4F80-A33C-D87DE7959B00}.Debug|Any CPU.Build.0 = Debug|Any CPU
		{86EA1A0C-C6AE-4F80-A33C-D87DE7959B00}.Release|Any CPU.ActiveCfg = Release|Any CPU
		{86EA1A0C-C6AE-4F80-A33C-D87DE7959B00}.Release|Any CPU.Build.0 = Release|Any CPU
	EndGlobalSection
	GlobalSection(SolutionProperties) = preSolution
		HideSolutionNode = FALSE
	EndGlobalSection
	GlobalSection(ExtensibilityGlobals) = postSolution
		SolutionGuid = {D12C6C82-0C33-4296-8C60-42660F2712D5}
	EndGlobalSection
EndGlobal
